{
  "name": "@wulechuan/web-app--pick-a-card",
  "version": "1.0.0",
  "lockfileVersion": 2,
  "requires": true,
  "packages": {
    "": {
      "name": "@wulechuan/web-app--pick-a-card",
      "version": "1.0.0",
      "license": "WTFPL",
      "devDependencies": {
        "@wulechuan/cli-scripts--git-push": "^1.0.1"
      }
    },
    "node_modules/@wulechuan/cli-scripts--git-push": {
      "version": "1.0.1",
      "resolved": "https://registry.npmjs.org/@wulechuan/cli-scripts--git-push/-/cli-scripts--git-push-1.0.1.tgz",
      "integrity": "sha512-TY0o7Nv7bv9q7tM7vMI8Lqddnbm6vy7C5vM4NfLHd8WO/4tP26g5zXs8+2RDekKnees9ybujlJwvG7fIHA7eJA==",
      "dev": true
    }
  },
  "dependencies": {
    "@wulechuan/cli-scripts--git-push": {
      "version": "1.0.1",
      "resolved": "https://registry.npmjs.org/@wulechuan/cli-scripts--git-push/-/cli-scripts--git-push-1.0.1.tgz",
      "integrity": "sha512-TY0o7Nv7bv9q7tM7vMI8Lqddnbm6vy7C5vM4NfLHd8WO/4tP26g5zXs8+2RDekKnees9ybujlJwvG7fIHA7eJA==",
      "dev": true
    }
  }
}
